Microsoft Visual Studio Solution File, Format Version 12.00
# Visual Studio Version 17
VisualStudioVersion = 17.5.2.0
MinimumVisualStudioVersion = 10.0.40219.1
Project("{FAE04EC0-301F-11D3-BF4B-00C04F79EFBC}") = "VethelpAdmin", "VethelpAdmin\VethelpAdmin.csproj", "{F6B483DF-D80C-9F2A-E9CC-D08A04DF73CD}"
EndProject
Global
	GlobalSection(SolutionConfigurationPlatforms) = preSolution
		Debug|Any CPU = Debug|Any CPU
		Release|Any CPU = Release|Any CPU
	EndGlobalSection
	GlobalSection(ProjectConfigurationPlatforms) = postSolution
		{F6B483DF-D80C-9F2A-E9CC-D08A04DF73CD}.Debug|Any CPU.ActiveCfg = Debug|Any CPU
		{F6B483DF-D80C-9F2A-E9CC-D08A04DF73CD}.Debug|Any CPU.Build.0 = Debug|Any CPU
		{F6B483DF-D80C-9F2A-E9CC-D08A04DF73CD}.Release|Any CPU.ActiveCfg = Release|Any CPU
		{F6B483DF-D80C-9F2A-E9CC-D08A04DF73CD}.Release|Any CPU.Build.0 = Release|Any CPU
	EndGlobalSection
	GlobalSection(SolutionProperties) = preSolution
		HideSolutionNode = FALSE
	EndGlobalSection
	GlobalSection(ExtensibilityGlobals) = postSolution
		SolutionGuid = {0EBB1BEF-337A-4BE8-AC5D-42CC383E22AA}
	EndGlobalSection
EndGlobal
